
Microsoft Visual Studio Solution File, Format Version 12.00
# Visual Studio Version 16
VisualStudioVersion = 16.0.29709.97
MinimumVisualStudioVersion = 10.0.40219.1
Project("{FAE04EC0-301F-11D3-BF4B-00C04F79EFBC}") = "OneOfSample", "OneOfSample\OneOfSample.csproj", "{C88C9DBD-5012-4FE8-B629-1AE32FC57958}"
EndProject
Global
	GlobalSection(SolutionConfigurationPlatforms) = preSolution
		Debug|Any CPU = Debug|Any CPU
		Release|Any CPU = Release|Any CPU
	EndGlobalSection
	GlobalSection(ProjectConfigurationPlatforms) = postSolution
		{C88C9DBD-5012-4FE8-B629-1AE32FC57958}.Debug|Any CPU.ActiveCfg = Debug|Any CPU
		{C88C9DBD-5012-4FE8-B629-1AE32FC57958}.Debug|Any CPU.Build.0 = Debug|Any CPU
		{C88C9DBD-5012-4FE8-B629-1AE32FC57958}.Release|Any CPU.ActiveCfg = Release|Any CPU
		{C88C9DBD-5012-4FE8-B629-1AE32FC57958}.Release|Any CPU.Build.0 = Release|Any CPU
	EndGlobalSection
	GlobalSection(SolutionProperties) = preSolution
		HideSolutionNode = FALSE
	EndGlobalSection
	GlobalSection(ExtensibilityGlobals) = postSolution
		SolutionGuid = {C85C1560-7797-4787-8B3F-2D6169B610E0}
	EndGlobalSection
EndGlobal
